
Microsoft Visual Studio Solution File, Format Version 10.00
# Visual Studio 2008
Project("{8BC9CEB8-8B4A-11D0-8D11-00A0C91BC942}") = "DistanceSensor", "DistanceSensor.vcproj", "{C9847D8B-E4EC-429C-8ECB-A4AE70E82494}"
EndProject
Global
	GlobalSection(SolutionConfigurationPlatforms) = preSolution
		Debug|Win32 = Debug|Win32
		Release|Win32 = Release|Win32
	EndGlobalSection
	GlobalSection(ProjectConfigurationPlatforms) = postSolution
		{C9847D8B-E4EC-429C-8ECB-A4AE70E82494}.Debug|Win32.ActiveCfg = Debug|Win32
		{C9847D8B-E4EC-429C-8ECB-A4AE70E82494}.Debug|Win32.Build.0 = Debug|Win32
		{C9847D8B-E4EC-429C-8ECB-A4AE70E82494}.Release|Win32.ActiveCfg = Release|Win32
		{C9847D8B-E4EC-429C-8ECB-A4AE70E82494}.Release|Win32.Build.0 = Release|Win32
	EndGlobalSection
	GlobalSection(SolutionProperties) = preSolution
		HideSolutionNode = FALSE
	EndGlobalSection
EndGlobal
